// !$*UTF8*$!
{
	archiveVersion = 1;
	classes = {
	};
	objectVersion = 46;
	objects = {

/* Begin PBXBuildFile section */
		0C35AEE519D7372E002FC55F /* BBDataCenter.swift in Sources */ = {isa = PBXBuildFile; fileRef = 0C35AEE019D7372E002FC55F /* BBDataCenter.swift */; };
		0C35AEE619D7372E002FC55F /* BBDuration.swift in Sources */ = {isa = PBXBuildFile; fileRef = 0C35AEE119D7372E002FC55F /* BBDuration.swift */; };
		0C35AEE719D7372E002FC55F /* BBTask.swift in Sources */ = {isa = PBXBuildFile; fileRef = 0C35AEE219D7372E002FC55F /* BBTask.swift */; };
		0C35AEE819D7372E002FC55F /* DictionaryExtension.swift in Sources */ = {isa = PBXBuildFile; fileRef = 0C35AEE319D7372E002FC55F /* DictionaryExtension.swift */; };
		0C35AEE919D7372E002FC55F /* NSDateExtension.swift in Sources */ = {isa = PBXBuildFile; fileRef = 0C35AEE419D7372E002FC55F /* NSDateExtension.swift */; };
		0C35AF1B19D7E4F7002FC55F /* BBConfig.swift in Sources */ = {isa = PBXBuildFile; fileRef = 0C35AF1A19D7E4F7002FC55F /* BBConfig.swift */; };
		0C35AF1D19D7FBE4002FC55F /* BBTaskPreviewView.swift in Sources */ = {isa = PBXBuildFile; fileRef = 0C35AF1C19D7FBE4002FC55F /* BBTaskPreviewView.swift */; };
		28C0E5AE19D795A800C3A4DF /* SwiftyJSON.swift in Sources */ = {isa = PBXBuildFile; fileRef = 28C0E5AD19D795A800C3A4DF /* SwiftyJSON.swift */; };
		28FF93CC19D73082000815A8 /* BBGoogleLoginManager.swift in Sources */ = {isa = PBXBuildFile; fileRef = 28FF93CA19D73082000815A8 /* BBGoogleLoginManager.swift */; };
		28FF93CD19D73082000815A8 /* BBCalenderModel.swift in Sources */ = {isa = PBXBuildFile; fileRef = 28FF93CB19D73082000815A8 /* BBCalenderModel.swift */; };
		28FF93EC19D7341C000815A8 /* BBAppIntroMgr.swift in Sources */ = {isa = PBXBuildFile; fileRef = 28FF93EB19D7341C000815A8 /* BBAppIntroMgr.swift */; };
		310E680919D5A32700C8D0EE /* AppDelegate.swift in Sources */ = {isa = PBXBuildFile; fileRef = 310E680819D5A32700C8D0EE /* AppDelegate.swift */; };
		310E680E19D5A32700C8D0EE /* BBTaskViewController.swift in Sources */ = {isa = PBXBuildFile; fileRef = 310E680D19D5A32700C8D0EE /* BBTaskViewController.swift */; };
		310E681319D5A32700C8D0EE /* Images.xcassets in Resources */ = {isa = PBXBuildFile; fileRef = 310E681219D5A32700C8D0EE /* Images.xcassets */; };
		310E681619D5A32700C8D0EE /* LaunchScreen.xib in Resources */ = {isa = PBXBuildFile; fileRef = 310E681419D5A32700C8D0EE /* LaunchScreen.xib */; };
		310E682219D5A32700C8D0EE /* BubbleTests.swift in Sources */ = {isa = PBXBuildFile; fileRef = 310E682119D5A32700C8D0EE /* BubbleTests.swift */; };
		310E683419D5AA2200C8D0EE /* BBTaskBubbleView.swift in Sources */ = {isa = PBXBuildFile; fileRef = 310E683319D5AA2200C8D0EE /* BBTaskBubbleView.swift */; };
		310E683619D5EC3000C8D0EE /* String+BBExtension.swift in Sources */ = {isa = PBXBuildFile; fileRef = 310E683519D5EC3000C8D0EE /* String+BBExtension.swift */; };
		310E683819D60EF900C8D0EE /* BBCenterBubbleView.swift in Sources */ = {isa = PBXBuildFile; fileRef = 310E683719D60EF900C8D0EE /* BBCenterBubbleView.swift */; };
		310E683A19D6110000C8D0EE /* BBBubbleView.swift in Sources */ = {isa = PBXBuildFile; fileRef = 310E683919D6110000C8D0EE /* BBBubbleView.swift */; };
		310E683C19D7278200C8D0EE /* BBWaverView.swift in Sources */ = {isa = PBXBuildFile; fileRef = 310E683B19D7278200C8D0EE /* BBWaverView.swift */; };
		31A81CE419D837CE00F3284F /* BBTaskEditorViewController.swift in Sources */ = {isa = PBXBuildFile; fileRef = 31A81CE319D837CE00F3284F /* BBTaskEditorViewController.swift */; };
		31A81CE919D8726800F3284F /* due_icon@2x.png in Resources */ = {isa = PBXBuildFile; fileRef = 31A81CE719D8726800F3284F /* due_icon@2x.png */; };
		31A81CEA19D8726800F3284F /* Google.png in Resources */ = {isa = PBXBuildFile; fileRef = 31A81CE819D8726800F3284F /* Google.png */; };
		31A81CED19D8727000F3284F /* line_and_more@2x.png in Resources */ = {isa = PBXBuildFile; fileRef = 31A81CEB19D8727000F3284F /* line_and_more@2x.png */; };
		31A81CEE19D8727000F3284F /* login_bg.png in Resources */ = {isa = PBXBuildFile; fileRef = 31A81CEC19D8727000F3284F /* login_bg.png */; };
		31A81CF019D878DD00F3284F /* icloud.png in Resources */ = {isa = PBXBuildFile; fileRef = 31A81CEF19D878DD00F3284F /* icloud.png */; };
		31A81CF219D885BE00F3284F /* Color+BBExtension.swift in Sources */ = {isa = PBXBuildFile; fileRef = 31A81CF119D885BE00F3284F /* Color+BBExtension.swift */; };
		31D7E12019D7C23B00B2EC9A /* bubble_mask@2x.png in Resources */ = {isa = PBXBuildFile; fileRef = 31D7E11F19D7C23B00B2EC9A /* bubble_mask@2x.png */; };
/* End PBXBuildFile section */

/* Begin PBXContainerItemProxy section */
		310E681C19D5A32700C8D0EE /* PBXContainerItemProxy */ = {
			isa = PBXContainerItemProxy;
			containerPortal = 310E67FB19D5A32700C8D0EE /* Project object */;
			proxyType = 1;
			remoteGlobalIDString = 310E680219D5A32700C8D0EE;
			remoteInfo = Bubble;
		};
/* End PBXContainerItemProxy section */

/* Begin PBXFileReference section */
		0C35AEE019D7372E002FC55F /* BBDataCenter.swift */ = {isa = PBXFileReference; fileEncoding = 4; lastKnownFileType = sourcecode.swift; name = BBDataCenter.swift; path = BBData/BBDataCenter.swift; sourceTree = "<group>"; };
		0C35AEE119D7372E002FC55F /* BBDuration.swift */ = {isa = PBXFileReference; fileEncoding = 4; lastKnownFileType = sourcecode.swift; name = BBDuration.swift; path = BBData/BBDuration.swift; sourceTree = "<group>"; };
		0C35AEE219D7372E002FC55F /* BBTask.swift */ = {isa = PBXFileReference; fileEncoding = 4; lastKnownFileType = sourcecode.swift; name = BBTask.swift; path = BBData/BBTask.swift; sourceTree = "<group>"; };
		0C35AEE319D7372E002FC55F /* DictionaryExtension.swift */ = {isa = PBXFileReference; fileEncoding = 4; lastKnownFileType = sourcecode.swift; name = DictionaryExtension.swift; path = BBData/DictionaryExtension.swift; sourceTree = "<group>"; };
		0C35AEE419D7372E002FC55F /* NSDateExtension.swift */ = {isa = PBXFileReference; fileEncoding = 4; lastKnownFileType = sourcecode.swift; name = NSDateExtension.swift; path = BBData/NSDateExtension.swift; sourceTree = "<group>"; };
		0C35AF1A19D7E4F7002FC55F /* BBConfig.swift */ = {isa = PBXFileReference; fileEncoding = 4; lastKnownFileType = sourcecode.swift; path = BBConfig.swift; sourceTree = "<group>"; };
		0C35AF1C19D7FBE4002FC55F /* BBTaskPreviewView.swift */ = {isa = PBXFileReference; fileEncoding = 4; lastKnownFileType = sourcecode.swift; path = BBTaskPreviewView.swift; sourceTree = "<group>"; };
		28C0E5AD19D795A800C3A4DF /* SwiftyJSON.swift */ = {isa = PBXFileReference; fileEncoding = 4; lastKnownFileType = sourcecode.swift; path = SwiftyJSON.swift; sourceTree = "<group>"; };
		28FF93CA19D73082000815A8 /* BBGoogleLoginManager.swift */ = {isa = PBXFileReference; fileEncoding = 4; lastKnownFileType = sourcecode.swift; path = BBGoogleLoginManager.swift; sourceTree = "<group>"; };
		28FF93CB19D73082000815A8 /* BBCalenderModel.swift */ = {isa = PBXFileReference; fileEncoding = 4; lastKnownFileType = sourcecode.swift; path = BBCalenderModel.swift; sourceTree = "<group>"; };
		28FF93EB19D7341C000815A8 /* BBAppIntroMgr.swift */ = {isa = PBXFileReference; fileEncoding = 4; lastKnownFileType = sourcecode.swift; path = BBAppIntroMgr.swift; sourceTree = "<group>"; };
		310E680319D5A32700C8D0EE /* Bubble.app */ = {isa = PBXFileReference; explicitFileType = wrapper.application; includeInIndex = 0; path = Bubble.app; sourceTree = BUILT_PRODUCTS_DIR; };
		310E680719D5A32700C8D0EE /* Info.plist */ = {isa = PBXFileReference; lastKnownFileType = text.plist.xml; path = Info.plist; sourceTree = "<group>"; };
		310E680819D5A32700C8D0EE /* AppDelegate.swift */ = {isa = PBXFileReference; lastKnownFileType = sourcecode.swift; path = AppDelegate.swift; sourceTree = "<group>"; };
		310E680D19D5A32700C8D0EE /* BBTaskViewController.swift */ = {isa = PBXFileReference; lastKnownFileType = sourcecode.swift; path = BBTaskViewController.swift; sourceTree = "<group>"; };
		310E681219D5A32700C8D0EE /* Images.xcassets */ = {isa = PBXFileReference; lastKnownFileType = folder.assetcatalog; path = Images.xcassets; sourceTree = "<group>"; };
		310E681519D5A32700C8D0EE /* Base */ = {isa = PBXFileReference; lastKnownFileType = file.xib; name = Base; path = Base.lproj/LaunchScreen.xib; sourceTree = "<group>"; };
		310E681B19D5A32700C8D0EE /* BubbleTests.xctest */ = {isa = PBXFileReference; explicitFileType = wrapper.cfbundle; includeInIndex = 0; path = BubbleTests.xctest; sourceTree = BUILT_PRODUCTS_DIR; };
		310E682019D5A32700C8D0EE /* Info.plist */ = {isa = PBXFileReference; lastKnownFileType = text.plist.xml; path = Info.plist; sourceTree = "<group>"; };
		310E682119D5A32700C8D0EE /* BubbleTests.swift */ = {isa = PBXFileReference; lastKnownFileType = sourcecode.swift; path = BubbleTests.swift; sourceTree = "<group>"; };
		310E683319D5AA2200C8D0EE /* BBTaskBubbleView.swift */ = {isa = PBXFileReference; fileEncoding = 4; lastKnownFileType = sourcecode.swift; path = BBTaskBubbleView.swift; sourceTree = "<group>"; };
		310E683519D5EC3000C8D0EE /* String+BBExtension.swift */ = {isa = PBXFileReference; fileEncoding = 4; lastKnownFileType = sourcecode.swift; path = "String+BBExtension.swift"; sourceTree = "<group>"; };
		310E683719D60EF900C8D0EE /* BBCenterBubbleView.swift */ = {isa = PBXFileReference; fileEncoding = 4; lastKnownFileType = sourcecode.swift; path = BBCenterBubbleView.swift; sourceTree = "<group>"; };
		310E683919D6110000C8D0EE /* BBBubbleView.swift */ = {isa = PBXFileReference; fileEncoding = 4; lastKnownFileType = sourcecode.swift; path = BBBubbleView.swift; sourceTree = "<group>"; };
		310E683B19D7278200C8D0EE /* BBWaverView.swift */ = {isa = PBXFileReference; fileEncoding = 4; lastKnownFileType = sourcecode.swift; path = BBWaverView.swift; sourceTree = "<group>"; };
		31A81CE319D837CE00F3284F /* BBTaskEditorViewController.swift */ = {isa = PBXFileReference; fileEncoding = 4; lastKnownFileType = sourcecode.swift; path = BBTaskEditorViewController.swift; sourceTree = "<group>"; };
		31A81CE719D8726800F3284F /* due_icon@2x.png */ = {isa = PBXFileReference; lastKnownFileType = image.png; path = "due_icon@2x.png"; sourceTree = "<group>"; };
		31A81CE819D8726800F3284F /* Google.png */ = {isa = PBXFileReference; lastKnownFileType = image.png; path = Google.png; sourceTree = "<group>"; };
		31A81CEB19D8727000F3284F /* line_and_more@2x.png */ = {isa = PBXFileReference; lastKnownFileType = image.png; path = "line_and_more@2x.png"; sourceTree = "<group>"; };
		31A81CEC19D8727000F3284F /* login_bg.png */ = {isa = PBXFileReference; lastKnownFileType = image.png; path = login_bg.png; sourceTree = "<group>"; };
		31A81CEF19D878DD00F3284F /* icloud.png */ = {isa = PBXFileReference; lastKnownFileType = image.png; path = icloud.png; sourceTree = "<group>"; };
		31A81CF119D885BE00F3284F /* Color+BBExtension.swift */ = {isa = PBXFileReference; fileEncoding = 4; lastKnownFileType = sourcecode.swift; path = "Color+BBExtension.swift"; sourceTree = "<group>"; };
		31D7E11F19D7C23B00B2EC9A /* bubble_mask@2x.png */ = {isa = PBXFileReference; lastKnownFileType = image.png; path = "bubble_mask@2x.png"; sourceTree = "<group>"; };
/* End PBXFileReference section */

/* Begin PBXFrameworksBuildPhase section */
		310E680019D5A32700C8D0EE /* Frameworks */ = {
			isa = PBXFrameworksBuildPhase;
			buildActionMask = 2147483647;
			files = (
			);
			runOnlyForDeploymentPostprocessing = 0;
		};
		310E681819D5A32700C8D0EE /* Frameworks */ = {
			isa = PBXFrameworksBuildPhase;
			buildActionMask = 2147483647;
			files = (
			);
			runOnlyForDeploymentPostprocessing = 0;
		};
/* End PBXFrameworksBuildPhase section */

/* Begin PBXGroup section */
		0C35AEDF19D73721002FC55F /* BBData */ = {
			isa = PBXGroup;
			children = (
				0C35AEE019D7372E002FC55F /* BBDataCenter.swift */,
				0C35AEE119D7372E002FC55F /* BBDuration.swift */,
				0C35AEE219D7372E002FC55F /* BBTask.swift */,
				0C35AEE319D7372E002FC55F /* DictionaryExtension.swift */,
				0C35AEE419D7372E002FC55F /* NSDateExtension.swift */,
			);
			name = BBData;
			sourceTree = "<group>";
		};
		28FF93CE19D7309C000815A8 /* CalenderData */ = {
			isa = PBXGroup;
			children = (
				28FF93CA19D73082000815A8 /* BBGoogleLoginManager.swift */,
				28FF93CB19D73082000815A8 /* BBCalenderModel.swift */,
			);
			name = CalenderData;
			sourceTree = "<group>";
		};
		310E67FA19D5A32700C8D0EE = {
			isa = PBXGroup;
			children = (
				310E680519D5A32700C8D0EE /* Bubble */,
				310E681E19D5A32700C8D0EE /* BubbleTests */,
				310E680419D5A32700C8D0EE /* Products */,
			);
			sourceTree = "<group>";
		};
		310E680419D5A32700C8D0EE /* Products */ = {
			isa = PBXGroup;
			children = (
				310E680319D5A32700C8D0EE /* Bubble.app */,
				310E681B19D5A32700C8D0EE /* BubbleTests.xctest */,
			);
			name = Products;
			sourceTree = "<group>";
		};
		310E680519D5A32700C8D0EE /* Bubble */ = {
			isa = PBXGroup;
			children = (
				0C35AEDF19D73721002FC55F /* BBData */,
				310E680819D5A32700C8D0EE /* AppDelegate.swift */,
				31A81CE619D8385C00F3284F /* Controllers */,
				31A81CE519D8384800F3284F /* Views */,
				28FF93EB19D7341C000815A8 /* BBAppIntroMgr.swift */,
				31A81CF119D885BE00F3284F /* Color+BBExtension.swift */,
				310E683519D5EC3000C8D0EE /* String+BBExtension.swift */,
				28C0E5AD19D795A800C3A4DF /* SwiftyJSON.swift */,
				0C35AF1A19D7E4F7002FC55F /* BBConfig.swift */,
				28FF93CE19D7309C000815A8 /* CalenderData */,
				310E681219D5A32700C8D0EE /* Images.xcassets */,
				310E681419D5A32700C8D0EE /* LaunchScreen.xib */,
				31D7E11E19D7C23B00B2EC9A /* Resources */,
				310E680619D5A32700C8D0EE /* Supporting Files */,
			);
			path = Bubble;
			sourceTree = "<group>";
		};
		310E680619D5A32700C8D0EE /* Supporting Files */ = {
			isa = PBXGroup;
			children = (
				310E680719D5A32700C8D0EE /* Info.plist */,
			);
			name = "Supporting Files";
			sourceTree = "<group>";
		};
		310E681E19D5A32700C8D0EE /* BubbleTests */ = {
			isa = PBXGroup;
			children = (
				310E682119D5A32700C8D0EE /* BubbleTests.swift */,
				310E681F19D5A32700C8D0EE /* Supporting Files */,
			);
			path = BubbleTests;
			sourceTree = "<group>";
		};
		310E681F19D5A32700C8D0EE /* Supporting Files */ = {
			isa = PBXGroup;
			children = (
				310E682019D5A32700C8D0EE /* Info.plist */,
			);
			name = "Supporting Files";
			sourceTree = "<group>";
		};
		31A81CE519D8384800F3284F /* Views */ = {
			isa = PBXGroup;
			children = (
				310E683919D6110000C8D0EE /* BBBubbleView.swift */,
				310E683B19D7278200C8D0EE /* BBWaverView.swift */,
				310E683319D5AA2200C8D0EE /* BBTaskBubbleView.swift */,
				0C35AF1C19D7FBE4002FC55F /* BBTaskPreviewView.swift */,
				310E683719D60EF900C8D0EE /* BBCenterBubbleView.swift */,
			);
			name = Views;
			sourceTree = "<group>";
		};
		31A81CE619D8385C00F3284F /* Controllers */ = {
			isa = PBXGroup;
			children = (
				310E680D19D5A32700C8D0EE /* BBTaskViewController.swift */,
				31A81CE319D837CE00F3284F /* BBTaskEditorViewController.swift */,
			);
			name = Controllers;
			sourceTree = "<group>";
		};
		31D7E11E19D7C23B00B2EC9A /* Resources */ = {
			isa = PBXGroup;
			children = (
				31A81CEF19D878DD00F3284F /* icloud.png */,
				31A81CEB19D8727000F3284F /* line_and_more@2x.png */,
				31A81CEC19D8727000F3284F /* login_bg.png */,
				31A81CE719D8726800F3284F /* due_icon@2x.png */,
				31A81CE819D8726800F3284F /* Google.png */,
				31D7E11F19D7C23B00B2EC9A /* bubble_mask@2x.png */,
			);
			path = Resources;
			sourceTree = "<group>";
		};
/* End PBXGroup section */

/* Begin PBXNativeTarget section */
		310E680219D5A32700C8D0EE /* Bubble */ = {
			isa = PBXNativeTarget;
			buildConfigurationList = 310E682519D5A32700C8D0EE /* Build configuration list for PBXNativeTarget "Bubble" */;
			buildPhases = (
				310E67FF19D5A32700C8D0EE /* Sources */,
				310E680019D5A32700C8D0EE /* Frameworks */,
				310E680119D5A32700C8D0EE /* Resources */,
			);
			buildRules = (
			);
			dependencies = (
			);
			name = Bubble;
			productName = Bubble;
			productReference = 310E680319D5A32700C8D0EE /* Bubble.app */;
			productType = "com.apple.product-type.application";
		};
		310E681A19D5A32700C8D0EE /* BubbleTests */ = {
			isa = PBXNativeTarget;
			buildConfigurationList = 310E682819D5A32700C8D0EE /* Build configuration list for PBXNativeTarget "BubbleTests" */;
			buildPhases = (
				310E681719D5A32700C8D0EE /* Sources */,
				310E681819D5A32700C8D0EE /* Frameworks */,
				310E681919D5A32700C8D0EE /* Resources */,
			);
			buildRules = (
			);
			dependencies = (
				310E681D19D5A32700C8D0EE /* PBXTargetDependency */,
			);
			name = BubbleTests;
			productName = BubbleTests;
			productReference = 310E681B19D5A32700C8D0EE /* BubbleTests.xctest */;
			productType = "com.apple.product-type.bundle.unit-test";
		};
/* End PBXNativeTarget section */

/* Begin PBXProject section */
		310E67FB19D5A32700C8D0EE /* Project object */ = {
			isa = PBXProject;
			attributes = {
				LastUpgradeCheck = 0600;
				ORGANIZATIONNAME = Bubble;
				TargetAttributes = {
					310E680219D5A32700C8D0EE = {
						CreatedOnToolsVersion = 6.0.1;
					};
					310E681A19D5A32700C8D0EE = {
						CreatedOnToolsVersion = 6.0.1;
						TestTargetID = 310E680219D5A32700C8D0EE;
					};
				};
			};
			buildConfigurationList = 310E67FE19D5A32700C8D0EE /* Build configuration list for PBXProject "Bubble" */;
			compatibilityVersion = "Xcode 3.2";
			developmentRegion = English;
			hasScannedForEncodings = 0;
			knownRegions = (
				en,
				Base,
			);
			mainGroup = 310E67FA19D5A32700C8D0EE;
			productRefGroup = 310E680419D5A32700C8D0EE /* Products */;
			projectDirPath = "";
			projectRoot = "";
			targets = (
				310E680219D5A32700C8D0EE /* Bubble */,
				310E681A19D5A32700C8D0EE /* BubbleTests */,
			);
		};
/* End PBXProject section */

/* Begin PBXResourcesBuildPhase section */
		310E680119D5A32700C8D0EE /* Resources */ = {
			isa = PBXResourcesBuildPhase;
			buildActionMask = 2147483647;
			files = (
				31D7E12019D7C23B00B2EC9A /* bubble_mask@2x.png in Resources */,
				310E681619D5A32700C8D0EE /* LaunchScreen.xib in Resources */,
				31A81CEE19D8727000F3284F /* login_bg.png in Resources */,
				31A81CEA19D8726800F3284F /* Google.png in Resources */,
				31A81CED19D8727000F3284F /* line_and_more@2x.png in Resources */,
				31A81CF019D878DD00F3284F /* icloud.png in Resources */,
				31A81CE919D8726800F3284F /* due_icon@2x.png in Resources */,
				310E681319D5A32700C8D0EE /* Images.xcassets in Resources */,
			);
			runOnlyForDeploymentPostprocessing = 0;
		};
		310E681919D5A32700C8D0EE /* Resources */ = {
			isa = PBXResourcesBuildPhase;
			buildActionMask = 2147483647;
			files = (
			);
			runOnlyForDeploymentPostprocessing = 0;
		};
/* End PBXResourcesBuildPhase section */

/* Begin PBXSourcesBuildPhase section */
		310E67FF19D5A32700C8D0EE /* Sources */ = {
			isa = PBXSourcesBuildPhase;
			buildActionMask = 2147483647;
			files = (
				310E680E19D5A32700C8D0EE /* BBTaskViewController.swift in Sources */,
				310E683819D60EF900C8D0EE /* BBCenterBubbleView.swift in Sources */,
				0C35AEE919D7372E002FC55F /* NSDateExtension.swift in Sources */,
				28C0E5AE19D795A800C3A4DF /* SwiftyJSON.swift in Sources */,
				310E680919D5A32700C8D0EE /* AppDelegate.swift in Sources */,
				0C35AEE619D7372E002FC55F /* BBDuration.swift in Sources */,
				0C35AF1D19D7FBE4002FC55F /* BBTaskPreviewView.swift in Sources */,
				0C35AEE819D7372E002FC55F /* DictionaryExtension.swift in Sources */,
				28FF93CD19D73082000815A8 /* BBCalenderModel.swift in Sources */,
				0C35AF1B19D7E4F7002FC55F /* BBConfig.swift in Sources */,
				310E683619D5EC3000C8D0EE /* String+BBExtension.swift in Sources */,
				28FF93EC19D7341C000815A8 /* BBAppIntroMgr.swift in Sources */,
				0C35AEE519D7372E002FC55F /* BBDataCenter.swift in Sources */,
				310E683A19D6110000C8D0EE /* BBBubbleView.swift in Sources */,
				310E683419D5AA2200C8D0EE /* BBTaskBubbleView.swift in Sources */,
				310E683C19D7278200C8D0EE /* BBWaverView.swift in Sources */,
				0C35AEE719D7372E002FC55F /* BBTask.swift in Sources */,
				31A81CF219D885BE00F3284F /* Color+BBExtension.swift in Sources */,
				31A81CE419D837CE00F3284F /* BBTaskEditorViewController.swift in Sources */,
				28FF93CC19D73082000815A8 /* BBGoogleLoginManager.swift in Sources */,
			);
			runOnlyForDeploymentPostprocessing = 0;
		};
		310E681719D5A32700C8D0EE /* Sources */ = {
			isa = PBXSourcesBuildPhase;
			buildActionMask = 2147483647;
			files = (
				310E682219D5A32700C8D0EE /* BubbleTests.swift in Sources */,
			);
			runOnlyForDeploymentPostprocessing = 0;
		};
/* End PBXSourcesBuildPhase section */

/* Begin PBXTargetDependency section */
		310E681D19D5A32700C8D0EE /* PBXTargetDependency */ = {
			isa = PBXTargetDependency;
			target = 310E680219D5A32700C8D0EE /* Bubble */;
			targetProxy = 310E681C19D5A32700C8D0EE /* PBXContainerItemProxy */;
		};
/* End PBXTargetDependency section */

/* Begin PBXVariantGroup section */
		310E681419D5A32700C8D0EE /* LaunchScreen.xib */ = {
			isa = PBXVariantGroup;
			children = (
				310E681519D5A32700C8D0EE /* Base */,
			);
			name = LaunchScreen.xib;
			sourceTree = "<group>";
		};
/* End PBXVariantGroup section */

/* Begin XCBuildConfiguration section */
		310E682319D5A32700C8D0EE /* Debug */ = {
			isa = XCBuildConfiguration;
			buildSettings = {
				ALWAYS_SEARCH_USER_PATHS = NO;
				CLANG_CXX_LANGUAGE_STANDARD = "gnu++0x";
				CLANG_CXX_LIBRARY = "libc++";
				CLANG_ENABLE_MODULES = YES;
				CLANG_ENABLE_OBJC_ARC = YES;
				CLANG_WARN_BOOL_CONVERSION = YES;
				CLANG_WARN_CONSTANT_CONVERSION = YES;
				CLANG_WARN_DIRECT_OBJC_ISA_USAGE = YES_ERROR;
				CLANG_WARN_EMPTY_BODY = YES;
				CLANG_WARN_ENUM_CONVERSION = YES;
				CLANG_WARN_INT_CONVERSION = YES;
				CLANG_WARN_OBJC_ROOT_CLASS = YES_ERROR;
				CLANG_WARN_UNREACHABLE_CODE = YES;
				CLANG_WARN__DUPLICATE_METHOD_MATCH = YES;
				"CODE_SIGN_IDENTITY[sdk=iphoneos*]" = "iPhone Developer";
				COPY_PHASE_STRIP = NO;
				ENABLE_STRICT_OBJC_MSGSEND = YES;
				GCC_C_LANGUAGE_STANDARD = gnu99;
				GCC_DYNAMIC_NO_PIC = NO;
				GCC_OPTIMIZATION_LEVEL = 0;
				GCC_PREPROCESSOR_DEFINITIONS = (
					"DEBUG=1",
					"$(inherited)",
				);
				GCC_SYMBOLS_PRIVATE_EXTERN = NO;
				GCC_WARN_64_TO_32_BIT_CONVERSION = YES;
				GCC_WARN_ABOUT_RETURN_TYPE = YES_ERROR;
				GCC_WARN_UNDECLARED_SELECTOR = YES;
				GCC_WARN_UNINITIALIZED_AUTOS = YES_AGGRESSIVE;
				GCC_WARN_UNUSED_FUNCTION = YES;
				GCC_WARN_UNUSED_VARIABLE = YES;
				IPHONEOS_DEPLOYMENT_TARGET = 8.0;
				MTL_ENABLE_DEBUG_INFO = YES;
				ONLY_ACTIVE_ARCH = YES;
				SDKROOT = iphoneos;
				SWIFT_OPTIMIZATION_LEVEL = "-Onone";
			};
			name = Debug;
		};
		310E682419D5A32700C8D0EE /* Release */ = {
			isa = XCBuildConfiguration;
			buildSettings = {
				ALWAYS_SEARCH_USER_PATHS = NO;
				CLANG_CXX_LANGUAGE_STANDARD = "gnu++0x";
				CLANG_CXX_LIBRARY = "libc++";
				CLANG_ENABLE_MODULES = YES;
				CLANG_ENABLE_OBJC_ARC = YES;
				CLANG_WARN_BOOL_CONVERSION = YES;
				CLANG_WARN_CONSTANT_CONVERSION = YES;
				CLANG_WARN_DIRECT_OBJC_ISA_USAGE = YES_ERROR;
				CLANG_WARN_EMPTY_BODY = YES;
				CLANG_WARN_ENUM_CONVERSION = YES;
				CLANG_WARN_INT_CONVERSION = YES;
				CLANG_WARN_OBJC_ROOT_CLASS = YES_ERROR;
				CLANG_WARN_UNREACHABLE_CODE = YES;
				CLANG_WARN__DUPLICATE_METHOD_MATCH = YES;
				"CODE_SIGN_IDENTITY[sdk=iphoneos*]" = "iPhone Developer";
				COPY_PHASE_STRIP = YES;
				ENABLE_NS_ASSERTIONS = NO;
				ENABLE_STRICT_OBJC_MSGSEND = YES;
				GCC_C_LANGUAGE_STANDARD = gnu99;
				GCC_WARN_64_TO_32_BIT_CONVERSION = YES;
				GCC_WARN_ABOUT_RETURN_TYPE = YES_ERROR;
				GCC_WARN_UNDECLARED_SELECTOR = YES;
				GCC_WARN_UNINITIALIZED_AUTOS = YES_AGGRESSIVE;
				GCC_WARN_UNUSED_FUNCTION = YES;
				GCC_WARN_UNUSED_VARIABLE = YES;
				IPHONEOS_DEPLOYMENT_TARGET = 8.0;
				MTL_ENABLE_DEBUG_INFO = NO;
				SDKROOT = iphoneos;
				VALIDATE_PRODUCT = YES;
			};
			name = Release;
		};
		310E682619D5A32700C8D0EE /* Debug */ = {
			isa = XCBuildConfiguration;
			buildSettings = {
				ASSETCATALOG_COMPILER_APPICON_NAME = AppIcon;
				FRAMEWORK_SEARCH_PATHS = (
					"$(inherited)",
					"$(PROJECT_DIR)",
				);
				INFOPLIST_FILE = Bubble/Info.plist;
				IPHONEOS_DEPLOYMENT_TARGET = 7.0;
				LD_RUNPATH_SEARCH_PATHS = "$(inherited) @executable_path/Frameworks";
				PRODUCT_NAME = "$(TARGET_NAME)";
				TARGETED_DEVICE_FAMILY = 1;
			};
			name = Debug;
		};
		310E682719D5A32700C8D0EE /* Release */ = {
			isa = XCBuildConfiguration;
			buildSettings = {
				ASSETCATALOG_COMPILER_APPICON_NAME = AppIcon;
				FRAMEWORK_SEARCH_PATHS = (
					"$(inherited)",
					"$(PROJECT_DIR)",
				);
				INFOPLIST_FILE = Bubble/Info.plist;
				IPHONEOS_DEPLOYMENT_TARGET = 7.0;
				LD_RUNPATH_SEARCH_PATHS = "$(inherited) @executable_path/Frameworks";
				PRODUCT_NAME = "$(TARGET_NAME)";
				TARGETED_DEVICE_FAMILY = 1;
			};
			name = Release;
		};
		310E682919D5A32700C8D0EE /* Debug */ = {
			isa = XCBuildConfiguration;
			buildSettings = {
				BUNDLE_LOADER = "$(TEST_HOST)";
				FRAMEWORK_SEARCH_PATHS = (
					"$(SDKROOT)/Developer/Library/Frameworks",
					"$(inherited)",
				);
				GCC_PREPROCESSOR_DEFINITIONS = (
					"DEBUG=1",
					"$(inherited)",
				);
				INFOPLIST_FILE = BubbleTests/Info.plist;
				LD_RUNPATH_SEARCH_PATHS = "$(inherited) @executable_path/Frameworks @loader_path/Frameworks";
				PRODUCT_NAME = "$(TARGET_NAME)";
				TEST_HOST = "$(BUILT_PRODUCTS_DIR)/Bubble.app/Bubble";
			};
			name = Debug;
		};
		310E682A19D5A32700C8D0EE /* Release */ = {
			isa = XCBuildConfiguration;
			buildSettings = {
				BUNDLE_LOADER = "$(TEST_HOST)";
				FRAMEWORK_SEARCH_PATHS = (
					"$(SDKROOT)/Developer/Library/Frameworks",
					"$(inherited)",
				);
				INFOPLIST_FILE = BubbleTests/Info.plist;
				LD_RUNPATH_SEARCH_PATHS = "$(inherited) @executable_path/Frameworks @loader_path/Frameworks";
				PRODUCT_NAME = "$(TARGET_NAME)";
				TEST_HOST = "$(BUILT_PRODUCTS_DIR)/Bubble.app/Bubble";
			};
			name = Release;
		};
/* End XCBuildConfiguration section */

/* Begin XCConfigurationList section */
		310E67FE19D5A32700C8D0EE /* Build configuration list for PBXProject "Bubble" */ = {
			isa = XCConfigurationList;
			buildConfigurations = (
				310E682319D5A32700C8D0EE /* Debug */,
				310E682419D5A32700C8D0EE /* Release */,
			);
			defaultConfigurationIsVisible = 0;
			defaultConfigurationName = Release;
		};
		310E682519D5A32700C8D0EE /* Build configuration list for PBXNativeTarget "Bubble" */ = {
			isa = XCConfigurationList;
			buildConfigurations = (
				310E682619D5A32700C8D0EE /* Debug */,
				310E682719D5A32700C8D0EE /* Release */,
			);
			defaultConfigurationIsVisible = 0;
			defaultConfigurationName = Release;
		};
		310E682819D5A32700C8D0EE /* Build configuration list for PBXNativeTarget "BubbleTests" */ = {
			isa = XCConfigurationList;
			buildConfigurations = (
				310E682919D5A32700C8D0EE /* Debug */,
				310E682A19D5A32700C8D0EE /* Release */,
			);
			defaultConfigurationIsVisible = 0;
			defaultConfigurationName = Release;
		};
/* End XCConfigurationList section */
	};
	rootObject = 310E67FB19D5A32700C8D0EE /* Project object */;
}
